
Microsoft Visual Studio Solution File, Format Version 12.00
# Visual Studio Version 17
VisualStudioVersion = 17.5.33516.290
MinimumVisualStudioVersion = 10.0.40219.1
Project("{FAE04EC0-301F-11D3-BF4B-00C04F79EFBC}") = "Klient", "Klient.csproj", "{99702D1D-AD5B-4807-976C-0A00985E878C}"
EndProject
Global
	GlobalSection(SolutionConfigurationPlatforms) = preSolution
		Debug|Any CPU = Debug|Any CPU
		Release|Any CPU = Release|Any CPU
	EndGlobalSection
	GlobalSection(ProjectConfigurationPlatforms) = postSolution
		{99702D1D-AD5B-4807-976C-0A00985E878C}.Debug|Any CPU.ActiveCfg = Debug|Any CPU
		{99702D1D-AD5B-4807-976C-0A00985E878C}.Debug|Any CPU.Build.0 = Debug|Any CPU
		{99702D1D-AD5B-4807-976C-0A00985E878C}.Release|Any CPU.ActiveCfg = Release|Any CPU
		{99702D1D-AD5B-4807-976C-0A00985E878C}.Release|Any CPU.Build.0 = Release|Any CPU
	EndGlobalSection
	GlobalSection(SolutionProperties) = preSolution
		HideSolutionNode = FALSE
	EndGlobalSection
	GlobalSection(ExtensibilityGlobals) = postSolution
		SolutionGuid = {417BCFBD-083E-47C6-8396-0FDCB2DB0F44}
	EndGlobalSection
EndGlobal
